// !$*UTF8*$!
{
	archiveVersion = 1;
	classes = {
	};
	objectVersion = 51;
	objects = {

/* Begin PBXBuildFile section */
		259AA754EA8D7BEF15E76252 /* Pods_BreakPoint.framework in Frameworks */ = {isa = PBXBuildFile; fileRef = 81E4338E386083A398CAA0F5 /* Pods_BreakPoint.framework */; };
		3519EEA822FD5C580092682C /* AuthVC.swift in Sources */ = {isa = PBXBuildFile; fileRef = 3519EEA722FD5C580092682C /* AuthVC.swift */; };
		3519EEAA22FD5D0E0092682C /* LoginVC.swift in Sources */ = {isa = PBXBuildFile; fileRef = 3519EEA922FD5D0E0092682C /* LoginVC.swift */; };
		3519EEAC22FD5DFD0092682C /* InsetTextField.swift in Sources */ = {isa = PBXBuildFile; fileRef = 3519EEAB22FD5DFD0092682C /* InsetTextField.swift */; };
		3519EEAE22FD6A600092682C /* ShadowView.swift in Sources */ = {isa = PBXBuildFile; fileRef = 3519EEAD22FD6A600092682C /* ShadowView.swift */; };
		351A6FFB23036875006BA1A9 /* Constant.swift in Sources */ = {isa = PBXBuildFile; fileRef = 351A6FFA23036875006BA1A9 /* Constant.swift */; };
		354148EC2302D04A0098F780 /* AuthService.swift in Sources */ = {isa = PBXBuildFile; fileRef = 354148EB2302D0480098F780 /* AuthService.swift */; };
		35C4A51222FC42340094803B /* DataService.swift in Sources */ = {isa = PBXBuildFile; fileRef = 35C4A51122FC42340094803B /* DataService.swift */; };
		35D9A80F22FADEB3006397D9 /* AppDelegate.swift in Sources */ = {isa = PBXBuildFile; fileRef = 35D9A80E22FADEB3006397D9 /* AppDelegate.swift */; };
		35D9A81122FADEB3006397D9 /* FeedVC.swift in Sources */ = {isa = PBXBuildFile; fileRef = 35D9A81022FADEB3006397D9 /* FeedVC.swift */; };
		35D9A81322FADEB3006397D9 /* GroupsVC.swift in Sources */ = {isa = PBXBuildFile; fileRef = 35D9A81222FADEB3006397D9 /* GroupsVC.swift */; };
		35D9A81622FADEB4006397D9 /* Main.storyboard in Resources */ = {isa = PBXBuildFile; fileRef = 35D9A81422FADEB4006397D9 /* Main.storyboard */; };
		35D9A81822FADEEA006397D9 /* Assets.xcassets in Resources */ = {isa = PBXBuildFile; fileRef = 35D9A81722FADEEA006397D9 /* Assets.xcassets */; };
		35D9A81B22FADEEA006397D9 /* LaunchScreen.storyboard in Resources */ = {isa = PBXBuildFile; fileRef = 35D9A81922FADEEA006397D9 /* LaunchScreen.storyboard */; };
		35D9A82822FAE22A006397D9 /* GoogleService-Info.plist in Resources */ = {isa = PBXBuildFile; fileRef = 35D9A82722FAE22A006397D9 /* GoogleService-Info.plist */; };
/* End PBXBuildFile section */

/* Begin PBXFileReference section */
		3519EEA722FD5C580092682C /* AuthVC.swift */ = {isa = PBXFileReference; lastKnownFileType = sourcecode.swift; path = AuthVC.swift; sourceTree = "<group>"; };
		3519EEA922FD5D0E0092682C /* LoginVC.swift */ = {isa = PBXFileReference; lastKnownFileType = sourcecode.swift; path = LoginVC.swift; sourceTree = "<group>"; };
		3519EEAB22FD5DFD0092682C /* InsetTextField.swift */ = {isa = PBXFileReference; lastKnownFileType = sourcecode.swift; path = InsetTextField.swift; sourceTree = "<group>"; };
		3519EEAD22FD6A600092682C /* ShadowView.swift */ = {isa = PBXFileReference; lastKnownFileType = sourcecode.swift; path = ShadowView.swift; sourceTree = "<group>"; };
		351A6FFA23036875006BA1A9 /* Constant.swift */ = {isa = PBXFileReference; lastKnownFileType = sourcecode.swift; path = Constant.swift; sourceTree = "<group>"; };
		354148EB2302D0480098F780 /* AuthService.swift */ = {isa = PBXFileReference; lastKnownFileType = sourcecode.swift; path = AuthService.swift; sourceTree = "<group>"; };
		35C4A51122FC42340094803B /* DataService.swift */ = {isa = PBXFileReference; lastKnownFileType = sourcecode.swift; path = DataService.swift; sourceTree = "<group>"; };
		35D9A80B22FADEB3006397D9 /* BreakPoint.app */ = {isa = PBXFileReference; explicitFileType = wrapper.application; includeInIndex = 0; path = BreakPoint.app; sourceTree = BUILT_PRODUCTS_DIR; };
		35D9A80E22FADEB3006397D9 /* AppDelegate.swift */ = {isa = PBXFileReference; lastKnownFileType = sourcecode.swift; path = AppDelegate.swift; sourceTree = "<group>"; };
		35D9A81022FADEB3006397D9 /* FeedVC.swift */ = {isa = PBXFileReference; lastKnownFileType = sourcecode.swift; path = FeedVC.swift; sourceTree = "<group>"; };
		35D9A81222FADEB3006397D9 /* GroupsVC.swift */ = {isa = PBXFileReference; lastKnownFileType = sourcecode.swift; path = GroupsVC.swift; sourceTree = "<group>"; };
		35D9A81522FADEB4006397D9 /* Base */ = {isa = PBXFileReference; lastKnownFileType = file.storyboard; name = Base; path = Base.lproj/Main.storyboard; sourceTree = "<group>"; };
		35D9A81722FADEEA006397D9 /* Assets.xcassets */ = {isa = PBXFileReference; lastKnownFileType = folder.assetcatalog; path = Assets.xcassets; sourceTree = "<group>"; };
		35D9A81A22FADEEA006397D9 /* Base */ = {isa = PBXFileReference; lastKnownFileType = file.storyboard; name = Base; path = Base.lproj/LaunchScreen.storyboard; sourceTree = "<group>"; };
		35D9A81C22FADEEA006397D9 /* Info.plist */ = {isa = PBXFileReference; lastKnownFileType = text.plist.xml; path = Info.plist; sourceTree = "<group>"; };
		35D9A82722FAE22A006397D9 /* GoogleService-Info.plist */ = {isa = PBXFileReference; fileEncoding = 4; lastKnownFileType = text.plist.xml; path = "GoogleService-Info.plist"; sourceTree = "<group>"; };
		5113F1B5677475A606EF14D8 /* Pods-BreakPoint.debug.xcconfig */ = {isa = PBXFileReference; includeInIndex = 1; lastKnownFileType = text.xcconfig; name = "Pods-BreakPoint.debug.xcconfig"; path = "Target Support Files/Pods-BreakPoint/Pods-BreakPoint.debug.xcconfig"; sourceTree = "<group>"; };
		81E4338E386083A398CAA0F5 /* Pods_BreakPoint.framework */ = {isa = PBXFileReference; explicitFileType = wrapper.framework; includeInIndex = 0; path = Pods_BreakPoint.framework; sourceTree = BUILT_PRODUCTS_DIR; };
		D1D4C6A71C69CAF011F77B40 /* Pods-BreakPoint.release.xcconfig */ = {isa = PBXFileReference; includeInIndex = 1; lastKnownFileType = text.xcconfig; name = "Pods-BreakPoint.release.xcconfig"; path = "Target Support Files/Pods-BreakPoint/Pods-BreakPoint.release.xcconfig"; sourceTree = "<group>"; };
/* End PBXFileReference section */

/* Begin PBXFrameworksBuildPhase section */
		35D9A80822FADEB3006397D9 /* Frameworks */ = {
			isa = PBXFrameworksBuildPhase;
			buildActionMask = 2147483647;
			files = (
				259AA754EA8D7BEF15E76252 /* Pods_BreakPoint.framework in Frameworks */,
			);
			runOnlyForDeploymentPostprocessing = 0;
		};
/* End PBXFrameworksBuildPhase section */

/* Begin PBXGroup section */
		1D5E3476A8FF4E274B1F8FF9 /* Pods */ = {
			isa = PBXGroup;
			children = (
				5113F1B5677475A606EF14D8 /* Pods-BreakPoint.debug.xcconfig */,
				D1D4C6A71C69CAF011F77B40 /* Pods-BreakPoint.release.xcconfig */,
			);
			path = Pods;
			sourceTree = "<group>";
		};
		351A6FF92303684A006BA1A9 /* Utilities */ = {
			isa = PBXGroup;
			children = (
				351A6FFA23036875006BA1A9 /* Constant.swift */,
			);
			path = Utilities;
			sourceTree = "<group>";
		};
		35D9A80222FADEB1006397D9 = {
			isa = PBXGroup;
			children = (
				35D9A80D22FADEB3006397D9 /* BreakPoint */,
				35D9A80C22FADEB3006397D9 /* Products */,
				1D5E3476A8FF4E274B1F8FF9 /* Pods */,
				E06E80C3164DAC2940E3824F /* Frameworks */,
			);
			sourceTree = "<group>";
		};
		35D9A80C22FADEB3006397D9 /* Products */ = {
			isa = PBXGroup;
			children = (
				35D9A80B22FADEB3006397D9 /* BreakPoint.app */,
			);
			name = Products;
			sourceTree = "<group>";
		};
		35D9A80D22FADEB3006397D9 /* BreakPoint */ = {
			isa = PBXGroup;
			children = (
				351A6FF92303684A006BA1A9 /* Utilities */,
				35D9A82622FADF97006397D9 /* Services */,
				35D9A82522FADF86006397D9 /* Extensions */,
				35D9A82422FADF45006397D9 /* Model */,
				35D9A82322FADF35006397D9 /* View */,
				35D9A82222FADF2E006397D9 /* Controller */,
				35D9A80E22FADEB3006397D9 /* AppDelegate.swift */,
				35D9A81422FADEB4006397D9 /* Main.storyboard */,
				35D9A81722FADEEA006397D9 /* Assets.xcassets */,
				35D9A81922FADEEA006397D9 /* LaunchScreen.storyboard */,
				35D9A81C22FADEEA006397D9 /* Info.plist */,
				35D9A82722FAE22A006397D9 /* GoogleService-Info.plist */,
			);
			path = BreakPoint;
			sourceTree = "<group>";
		};
		35D9A82222FADF2E006397D9 /* Controller */ = {
			isa = PBXGroup;
			children = (
				35D9A81022FADEB3006397D9 /* FeedVC.swift */,
				35D9A81222FADEB3006397D9 /* GroupsVC.swift */,
				3519EEA722FD5C580092682C /* AuthVC.swift */,
				3519EEA922FD5D0E0092682C /* LoginVC.swift */,
			);
			path = Controller;
			sourceTree = "<group>";
		};
		35D9A82322FADF35006397D9 /* View */ = {
			isa = PBXGroup;
			children = (
				3519EEAB22FD5DFD0092682C /* InsetTextField.swift */,
				3519EEAD22FD6A600092682C /* ShadowView.swift */,
			);
			path = View;
			sourceTree = "<group>";
		};
		35D9A82422FADF45006397D9 /* Model */ = {
			isa = PBXGroup;
			children = (
			);
			path = Model;
			sourceTree = "<group>";
		};
		35D9A82522FADF86006397D9 /* Extensions */ = {
			isa = PBXGroup;
			children = (
			);
			path = Extensions;
			sourceTree = "<group>";
		};
		35D9A82622FADF97006397D9 /* Services */ = {
			isa = PBXGroup;
			children = (
				35C4A51122FC42340094803B /* DataService.swift */,
				354148EB2302D0480098F780 /* AuthService.swift */,
			);
			path = Services;
			sourceTree = "<group>";
		};
		E06E80C3164DAC2940E3824F /* Frameworks */ = {
			isa = PBXGroup;
			children = (
				81E4338E386083A398CAA0F5 /* Pods_BreakPoint.framework */,
			);
			name = Frameworks;
			sourceTree = "<group>";
		};
/* End PBXGroup section */

/* Begin PBXNativeTarget section */
		35D9A80A22FADEB3006397D9 /* BreakPoint */ = {
			isa = PBXNativeTarget;
			buildConfigurationList = 35D9A81F22FADEEA006397D9 /* Build configuration list for PBXNativeTarget "BreakPoint" */;
			buildPhases = (
				D9A9A3D72C02889FBF6E8783 /* [CP] Check Pods Manifest.lock */,
				35D9A80722FADEB3006397D9 /* Sources */,
				35D9A80822FADEB3006397D9 /* Frameworks */,
				35D9A80922FADEB3006397D9 /* Resources */,
				97819E4AB0F3ED0D06111176 /* [CP] Embed Pods Frameworks */,
			);
			buildRules = (
			);
			dependencies = (
			);
			name = BreakPoint;
			productName = BreakPoint;
			productReference = 35D9A80B22FADEB3006397D9 /* BreakPoint.app */;
			productType = "com.apple.product-type.application";
		};
/* End PBXNativeTarget section */

/* Begin PBXProject section */
		35D9A80322FADEB1006397D9 /* Project object */ = {
			isa = PBXProject;
			attributes = {
				LastSwiftUpdateCheck = 1020;
				LastUpgradeCheck = 1020;
				ORGANIZATIONNAME = "juger rash";
				TargetAttributes = {
					35D9A80A22FADEB3006397D9 = {
						CreatedOnToolsVersion = 10.2.1;
					};
				};
			};
			buildConfigurationList = 35D9A80622FADEB1006397D9 /* Build configuration list for PBXProject "BreakPoint" */;
			compatibilityVersion = "Xcode 9.3";
			developmentRegion = en;
			hasScannedForEncodings = 0;
			knownRegions = (
				en,
				Base,
			);
			mainGroup = 35D9A80222FADEB1006397D9;
			productRefGroup = 35D9A80C22FADEB3006397D9 /* Products */;
			projectDirPath = "";
			projectRoot = "";
			targets = (
				35D9A80A22FADEB3006397D9 /* BreakPoint */,
			);
		};
/* End PBXProject section */

/* Begin PBXResourcesBuildPhase section */
		35D9A80922FADEB3006397D9 /* Resources */ = {
			isa = PBXResourcesBuildPhase;
			buildActionMask = 2147483647;
			files = (
				35D9A81B22FADEEA006397D9 /* LaunchScreen.storyboard in Resources */,
				35D9A82822FAE22A006397D9 /* GoogleService-Info.plist in Resources */,
				35D9A81822FADEEA006397D9 /* Assets.xcassets in Resources */,
				35D9A81622FADEB4006397D9 /* Main.storyboard in Resources */,
			);
			runOnlyForDeploymentPostprocessing = 0;
		};
/* End PBXResourcesBuildPhase section */

/* Begin PBXShellScriptBuildPhase section */
		97819E4AB0F3ED0D06111176 /* [CP] Embed Pods Frameworks */ = {
			isa = PBXShellScriptBuildPhase;
			buildActionMask = 2147483647;
			files = (
			);
			inputFileListPaths = (
				"${PODS_ROOT}/Target Support Files/Pods-BreakPoint/Pods-BreakPoint-frameworks-${CONFIGURATION}-input-files.xcfilelist",
			);
			name = "[CP] Embed Pods Frameworks";
			outputFileListPaths = (
				"${PODS_ROOT}/Target Support Files/Pods-BreakPoint/Pods-BreakPoint-frameworks-${CONFIGURATION}-output-files.xcfilelist",
			);
			runOnlyForDeploymentPostprocessing = 0;
			shellPath = /bin/sh;
			shellScript = "\"${PODS_ROOT}/Target Support Files/Pods-BreakPoint/Pods-BreakPoint-frameworks.sh\"\n";
			showEnvVarsInLog = 0;
		};
		D9A9A3D72C02889FBF6E8783 /* [CP] Check Pods Manifest.lock */ = {
			isa = PBXShellScriptBuildPhase;
			buildActionMask = 2147483647;
			files = (
			);
			inputFileListPaths = (
			);
			inputPaths = (
				"${PODS_PODFILE_DIR_PATH}/Podfile.lock",
				"${PODS_ROOT}/Manifest.lock",
			);
			name = "[CP] Check Pods Manifest.lock";
			outputFileListPaths = (
			);
			outputPaths = (
				"$(DERIVED_FILE_DIR)/Pods-BreakPoint-checkManifestLockResult.txt",
			);
			runOnlyForDeploymentPostprocessing = 0;
			shellPath = /bin/sh;
			shellScript = "diff \"${PODS_PODFILE_DIR_PATH}/Podfile.lock\" \"${PODS_ROOT}/Manifest.lock\" > /dev/null\nif [ $? != 0 ] ; then\n    # print error to STDERR\n    echo \"error: The sandbox is not in sync with the Podfile.lock. Run 'pod install' or update your CocoaPods installation.\" >&2\n    exit 1\nfi\n# This output is used by Xcode 'outputs' to avoid re-running this script phase.\necho \"SUCCESS\" > \"${SCRIPT_OUTPUT_FILE_0}\"\n";
			showEnvVarsInLog = 0;
		};
/* End PBXShellScriptBuildPhase section */

/* Begin PBXSourcesBuildPhase section */
		35D9A80722FADEB3006397D9 /* Sources */ = {
			isa = PBXSourcesBuildPhase;
			buildActionMask = 2147483647;
			files = (
				3519EEA822FD5C580092682C /* AuthVC.swift in Sources */,
				35D9A81322FADEB3006397D9 /* GroupsVC.swift in Sources */,
				3519EEAA22FD5D0E0092682C /* LoginVC.swift in Sources */,
				354148EC2302D04A0098F780 /* AuthService.swift in Sources */,
				35D9A80F22FADEB3006397D9 /* AppDelegate.swift in Sources */,
				3519EEAE22FD6A600092682C /* ShadowView.swift in Sources */,
				35D9A81122FADEB3006397D9 /* FeedVC.swift in Sources */,
				351A6FFB23036875006BA1A9 /* Constant.swift in Sources */,
				3519EEAC22FD5DFD0092682C /* InsetTextField.swift in Sources */,
				35C4A51222FC42340094803B /* DataService.swift in Sources */,
			);
			runOnlyForDeploymentPostprocessing = 0;
		};
/* End PBXSourcesBuildPhase section */

/* Begin PBXVariantGroup section */
		35D9A81422FADEB4006397D9 /* Main.storyboard */ = {
			isa = PBXVariantGroup;
			children = (
				35D9A81522FADEB4006397D9 /* Base */,
			);
			name = Main.storyboard;
			sourceTree = "<group>";
		};
		35D9A81922FADEEA006397D9 /* LaunchScreen.storyboard */ = {
			isa = PBXVariantGroup;
			children = (
				35D9A81A22FADEEA006397D9 /* Base */,
			);
			name = LaunchScreen.storyboard;
			sourceTree = "<group>";
		};
/* End PBXVariantGroup section */

/* Begin XCBuildConfiguration section */
		35D9A81D22FADEEA006397D9 /* Debug */ = {
			isa = XCBuildConfiguration;
			buildSettings = {
				ALWAYS_SEARCH_USER_PATHS = NO;
				CLANG_ANALYZER_NONNULL = YES;
				CLANG_ANALYZER_NUMBER_OBJECT_CONVERSION = YES_AGGRESSIVE;
				CLANG_CXX_LANGUAGE_STANDARD = "gnu++14";
				CLANG_CXX_LIBRARY = "libc++";
				CLANG_ENABLE_MODULES = YES;
				CLANG_ENABLE_OBJC_ARC = YES;
				CLANG_ENABLE_OBJC_WEAK = YES;
				CLANG_WARN_BLOCK_CAPTURE_AUTORELEASING = YES;
				CLANG_WARN_BOOL_CONVERSION = YES;
				CLANG_WARN_COMMA = YES;
				CLANG_WARN_CONSTANT_CONVERSION = YES;
				CLANG_WARN_DEPRECATED_OBJC_IMPLEMENTATIONS = YES;
				CLANG_WARN_DIRECT_OBJC_ISA_USAGE = YES_ERROR;
				CLANG_WARN_DOCUMENTATION_COMMENTS = YES;
				CLANG_WARN_EMPTY_BODY = YES;
				CLANG_WARN_ENUM_CONVERSION = YES;
				CLANG_WARN_INFINITE_RECURSION = YES;
				CLANG_WARN_INT_CONVERSION = YES;
				CLANG_WARN_NON_LITERAL_NULL_CONVERSION = YES;
				CLANG_WARN_OBJC_IMPLICIT_RETAIN_SELF = YES;
				CLANG_WARN_OBJC_LITERAL_CONVERSION = YES;
				CLANG_WARN_OBJC_ROOT_CLASS = YES_ERROR;
				CLANG_WARN_RANGE_LOOP_ANALYSIS = YES;
				CLANG_WARN_STRICT_PROTOTYPES = YES;
				CLANG_WARN_SUSPICIOUS_MOVE = YES;
				CLANG_WARN_UNGUARDED_AVAILABILITY = YES_AGGRESSIVE;
				CLANG_WARN_UNREACHABLE_CODE = YES;
				CLANG_WARN__DUPLICATE_METHOD_MATCH = YES;
				CODE_SIGN_IDENTITY = "iPhone Developer";
				COPY_PHASE_STRIP = NO;
				DEBUG_INFORMATION_FORMAT = dwarf;
				ENABLE_STRICT_OBJC_MSGSEND = YES;
				ENABLE_TESTABILITY = YES;
				GCC_C_LANGUAGE_STANDARD = gnu11;
				GCC_DYNAMIC_NO_PIC = NO;
				GCC_NO_COMMON_BLOCKS = YES;
				GCC_OPTIMIZATION_LEVEL = 0;
				GCC_PREPROCESSOR_DEFINITIONS = (
					"DEBUG=1",
					"$(inherited)",
				);
				GCC_WARN_64_TO_32_BIT_CONVERSION = YES;
				GCC_WARN_ABOUT_RETURN_TYPE = YES_ERROR;
				GCC_WARN_UNDECLARED_SELECTOR = YES;
				GCC_WARN_UNINITIALIZED_AUTOS = YES_AGGRESSIVE;
				GCC_WARN_UNUSED_FUNCTION = YES;
				GCC_WARN_UNUSED_VARIABLE = YES;
				IPHONEOS_DEPLOYMENT_TARGET = 12.2;
				MTL_ENABLE_DEBUG_INFO = INCLUDE_SOURCE;
				MTL_FAST_MATH = YES;
				ONLY_ACTIVE_ARCH = YES;
				SDKROOT = iphoneos;
				SWIFT_ACTIVE_COMPILATION_CONDITIONS = DEBUG;
				SWIFT_OPTIMIZATION_LEVEL = "-Onone";
			};
			name = Debug;
		};
		35D9A81E22FADEEA006397D9 /* Release */ = {
			isa = XCBuildConfiguration;
			buildSettings = {
				ALWAYS_SEARCH_USER_PATHS = NO;
				CLANG_ANALYZER_NONNULL = YES;
				CLANG_ANALYZER_NUMBER_OBJECT_CONVERSION = YES_AGGRESSIVE;
				CLANG_CXX_LANGUAGE_STANDARD = "gnu++14";
				CLANG_CXX_LIBRARY = "libc++";
				CLANG_ENABLE_MODULES = YES;
				CLANG_ENABLE_OBJC_ARC = YES;
				CLANG_ENABLE_OBJC_WEAK = YES;
				CLANG_WARN_BLOCK_CAPTURE_AUTORELEASING = YES;
				CLANG_WARN_BOOL_CONVERSION = YES;
				CLANG_WARN_COMMA = YES;
				CLANG_WARN_CONSTANT_CONVERSION = YES;
				CLANG_WARN_DEPRECATED_OBJC_IMPLEMENTATIONS = YES;
				CLANG_WARN_DIRECT_OBJC_ISA_USAGE = YES_ERROR;
				CLANG_WARN_DOCUMENTATION_COMMENTS = YES;
				CLANG_WARN_EMPTY_BODY = YES;
				CLANG_WARN_ENUM_CONVERSION = YES;
				CLANG_WARN_INFINITE_RECURSION = YES;
				CLANG_WARN_INT_CONVERSION = YES;
				CLANG_WARN_NON_LITERAL_NULL_CONVERSION = YES;
				CLANG_WARN_OBJC_IMPLICIT_RETAIN_SELF = YES;
				CLANG_WARN_OBJC_LITERAL_CONVERSION = YES;
				CLANG_WARN_OBJC_ROOT_CLASS = YES_ERROR;
				CLANG_WARN_RANGE_LOOP_ANALYSIS = YES;
				CLANG_WARN_STRICT_PROTOTYPES = YES;
				CLANG_WARN_SUSPICIOUS_MOVE = YES;
				CLANG_WARN_UNGUARDED_AVAILABILITY = YES_AGGRESSIVE;
				CLANG_WARN_UNREACHABLE_CODE = YES;
				CLANG_WARN__DUPLICATE_METHOD_MATCH = YES;
				CODE_SIGN_IDENTITY = "iPhone Developer";
				COPY_PHASE_STRIP = NO;
				DEBUG_INFORMATION_FORMAT = "dwarf-with-dsym";
				ENABLE_NS_ASSERTIONS = NO;
				ENABLE_STRICT_OBJC_MSGSEND = YES;
				GCC_C_LANGUAGE_STANDARD = gnu11;
				GCC_NO_COMMON_BLOCKS = YES;
				GCC_WARN_64_TO_32_BIT_CONVERSION = YES;
				GCC_WARN_ABOUT_RETURN_TYPE = YES_ERROR;
				GCC_WARN_UNDECLARED_SELECTOR = YES;
				GCC_WARN_UNINITIALIZED_AUTOS = YES_AGGRESSIVE;
				GCC_WARN_UNUSED_FUNCTION = YES;
				GCC_WARN_UNUSED_VARIABLE = YES;
				IPHONEOS_DEPLOYMENT_TARGET = 12.2;
				MTL_ENABLE_DEBUG_INFO = NO;
				MTL_FAST_MATH = YES;
				SDKROOT = iphoneos;
				SWIFT_COMPILATION_MODE = wholemodule;
				SWIFT_OPTIMIZATION_LEVEL = "-O";
				VALIDATE_PRODUCT = YES;
			};
			name = Release;
		};
		35D9A82022FADEEA006397D9 /* Debug */ = {
			isa = XCBuildConfiguration;
			baseConfigurationReference = 5113F1B5677475A606EF14D8 /* Pods-BreakPoint.debug.xcconfig */;
			buildSettings = {
				ASSETCATALOG_COMPILER_APPICON_NAME = AppIcon;
				CODE_SIGN_STYLE = Automatic;
				DEVELOPMENT_TEAM = 9D9MQ4SU7F;
				INFOPLIST_FILE = BreakPoint/Info.plist;
				LD_RUNPATH_SEARCH_PATHS = (
					"$(inherited)",
					"@executable_path/Frameworks",
				);
				PRODUCT_BUNDLE_IDENTIFIER = com.juger.BreakPoint;
				PRODUCT_NAME = "$(TARGET_NAME)";
				SWIFT_VERSION = 5.0;
				TARGETED_DEVICE_FAMILY = "1,2";
			};
			name = Debug;
		};
		35D9A82122FADEEA006397D9 /* Release */ = {
			isa = XCBuildConfiguration;
			baseConfigurationReference = D1D4C6A71C69CAF011F77B40 /* Pods-BreakPoint.release.xcconfig */;
			buildSettings = {
				ASSETCATALOG_COMPILER_APPICON_NAME = AppIcon;
				CODE_SIGN_STYLE = Automatic;
				DEVELOPMENT_TEAM = 9D9MQ4SU7F;
				INFOPLIST_FILE = BreakPoint/Info.plist;
				LD_RUNPATH_SEARCH_PATHS = (
					"$(inherited)",
					"@executable_path/Frameworks",
				);
				PRODUCT_BUNDLE_IDENTIFIER = com.juger.BreakPoint;
				PRODUCT_NAME = "$(TARGET_NAME)";
				SWIFT_VERSION = 5.0;
				TARGETED_DEVICE_FAMILY = "1,2";
			};
			name = Release;
		};
/* End XCBuildConfiguration section */

/* Begin XCConfigurationList section */
		35D9A80622FADEB1006397D9 /* Build configuration list for PBXProject "BreakPoint" */ = {
			isa = XCConfigurationList;
			buildConfigurations = (
				35D9A81D22FADEEA006397D9 /* Debug */,
				35D9A81E22FADEEA006397D9 /* Release */,
			);
			defaultConfigurationIsVisible = 0;
			defaultConfigurationName = Release;
		};
		35D9A81F22FADEEA006397D9 /* Build configuration list for PBXNativeTarget "BreakPoint" */ = {
			isa = XCConfigurationList;
			buildConfigurations = (
				35D9A82022FADEEA006397D9 /* Debug */,
				35D9A82122FADEEA006397D9 /* Release */,
			);
			defaultConfigurationIsVisible = 0;
			defaultConfigurationName = Release;
		};
/* End XCConfigurationList section */
	};
	rootObject = 35D9A80322FADEB1006397D9 /* Project object */;
}
